<?xml version="1.0" encoding="utf-8"?>
<Project ToolsVersion="4.0" xmlns="http://schemas.microsoft.com/developer/msbuild/2003">
  <ItemGroup>
    <Filter Include="Source Files">
      <UniqueIdentifier>{48c20b7b-b696-4681-9a2d-2b77aa6472b7}</UniqueIdentifier>
      <Extensions>cpp;c;cxx;rc;def;r;odl;idl;hpj;bat</Extensions>
    </Filter>
    <Filter Include="Header Files">
      <UniqueIdentifier>{2f0b4121-9704-466a-8233-e31dfc85f3cd}</UniqueIdentifier>
      <Extensions>h;hpp;hxx;hm;inl</Extensions>
    </Filter>
    <Filter Include="Resource Files">
      <UniqueIdentifier>{322cf1da-6bd4-4e8c-bb8d-a8258056278d}</UniqueIdentifier>
      <Extensions>ico;cur;bmp;dlg;rc2;rct;bin;cnt;rtf;gif;jpg;jpeg;jpe</Extensions>
    </Filter>
  </ItemGroup>
  <ItemGroup>
    <ClCompile Include="AgentStateDlg.cpp">
      <Filter>Source Files</Filter>
    </ClCompile>
    <ClCompile Include="AppspecificDlg.cpp">
      <Filter>Source Files</Filter>
    </ClCompile>
    <ClCompile Include="CallDataDlg.cpp">
      <Filter>Source Files</Filter>
    </ClCompile>
    <ClCompile Include="CompleteCall.cpp">
      <Filter>Source Files</Filter>
    </ClCompile>
    <ClCompile Include="CompleteTransferDlg.cpp">
      <Filter>Source Files</Filter>
    </ClCompile>
    <ClCompile Include="ConfListDlg.cpp">
      <Filter>Source Files</Filter>
    </ClCompile>
    <ClCompile Include="DialDlg.cpp">
      <Filter>Source Files</Filter>
    </ClCompile>
    <ClCompile Include="ECallFeatures.cpp">
      <Filter>Source Files</Filter>
    </ClCompile>
    <ClCompile Include="ForwardDlg.cpp">
      <Filter>Source Files</Filter>
    </ClCompile>
    <ClCompile Include="ForwardList.cpp">
      <Filter>Source Files</Filter>
    </ClCompile>
    <ClCompile Include="hexedit.cpp">
      <Filter>Source Files</Filter>
    </ClCompile>
    <ClCompile Include="Hlinkctl.cpp">
      <Filter>Source Files</Filter>
    </ClCompile>
    <ClCompile Include="ISDNInfo.cpp">
      <Filter>Source Files</Filter>
    </ClCompile>
    <ClCompile Include="MakeCallExtended.cpp">
      <Filter>Source Files</Filter>
    </ClCompile>
    <ClCompile Include="PhoneCapsDlg.cpp">
      <Filter>Source Files</Filter>
    </ClCompile>
    <ClCompile Include="PhoneDlg.cpp">
      <Filter>Source Files</Filter>
    </ClCompile>
    <ClCompile Include="PredDialDlg.cpp">
      <Filter>Source Files</Filter>
    </ClCompile>
    <ClCompile Include="QosInfo.cpp">
      <Filter>Source Files</Filter>
    </ClCompile>
    <ClCompile Include="SetupConfDlg.cpp">
      <Filter>Source Files</Filter>
    </ClCompile>
    <ClCompile Include="StdAfx.cpp">
      <Filter>Source Files</Filter>
    </ClCompile>
    <ClCompile Include="TransferDlg.cpp">
      <Filter>Source Files</Filter>
    </ClCompile>
    <ClCompile Include="UUIDlg.cpp">
      <Filter>Source Files</Filter>
    </ClCompile>
    <ClCompile Include="ECSTAAgentGroupStateDlg.cpp">
      <Filter>Source Files</Filter>
    </ClCompile>
    <ClCompile Include="ECSTAAgentLoginLogout.cpp">
      <Filter>Source Files</Filter>
    </ClCompile>
  </ItemGroup>
  <ItemGroup>
    <ClInclude Include="AgentStateDlg.h">
      <Filter>Header Files</Filter>
    </ClInclude>
    <ClInclude Include="CallDataDlg.h">
      <Filter>Header Files</Filter>
    </ClInclude>
    <ClInclude Include="CompleteCall.h">
      <Filter>Header Files</Filter>
    </ClInclude>
    <ClInclude Include="CompleteTransferDlg.h">
      <Filter>Header Files</Filter>
    </ClInclude>
    <ClInclude Include="ConfListDlg.h">
      <Filter>Header Files</Filter>
    </ClInclude>
    <ClInclude Include="DialDlg.h">
      <Filter>Header Files</Filter>
    </ClInclude>
    <ClInclude Include="ECallFeatures.h">
      <Filter>Header Files</Filter>
    </ClInclude>
    <ClInclude Include="ForwardDlg.h">
      <Filter>Header Files</Filter>
    </ClInclude>
    <ClInclude Include="ForwardList.h">
      <Filter>Header Files</Filter>
    </ClInclude>
    <ClInclude Include="hexedit.h">
      <Filter>Header Files</Filter>
    </ClInclude>
    <ClInclude Include="Hlinkctl.h">
      <Filter>Header Files</Filter>
    </ClInclude>
    <ClInclude Include="ISDNInfo.h">
      <Filter>Header Files</Filter>
    </ClInclude>
    <ClInclude Include="MakeCallExtended.h">
      <Filter>Header Files</Filter>
    </ClInclude>
    <ClInclude Include="Phone.h">
      <Filter>Header Files</Filter>
    </ClInclude>
    <ClInclude Include="PhoneCapsDlg.h">
      <Filter>Header Files</Filter>
    </ClInclude>
    <ClInclude Include="PhoneDlg.h">
      <Filter>Header Files</Filter>
    </ClInclude>
    <ClInclude Include="PredDialDlg.h">
      <Filter>Header Files</Filter>
    </ClInclude>
    <ClInclude Include="QosInfo.h">
      <Filter>Header Files</Filter>
    </ClInclude>
    <ClInclude Include="Resource.h">
      <Filter>Header Files</Filter>
    </ClInclude>
    <ClInclude Include="resource2.h">
      <Filter>Header Files</Filter>
    </ClInclude>
    <ClInclude Include="SetupConfDlg.h">
      <Filter>Header Files</Filter>
    </ClInclude>
    <ClInclude Include="StdAfx.h">
      <Filter>Header Files</Filter>
    </ClInclude>
    <ClInclude Include="TransferDlg.h">
      <Filter>Header Files</Filter>
    </ClInclude>
    <ClInclude Include="UUIDlg.h">
      <Filter>Header Files</Filter>
    </ClInclude>
    <ClInclude Include="ECSTAAgentGroupStateDlg.h">
      <Filter>Header Files</Filter>
    </ClInclude>
    <ClInclude Include="..\ATAPI\include\ecstaextensions.h">
      <Filter>Header Files</Filter>
    </ClInclude>
    <ClInclude Include="ECSTAAgentLoginLogout.h">
      <Filter>Header Files</Filter>
    </ClInclude>
  </ItemGroup>
  <ItemGroup>
    <None Include="Res\hand.cur">
      <Filter>Resource Files</Filter>
    </None>
    <None Include="res\Phone.ico">
      <Filter>Resource Files</Filter>
    </None>
    <None Include="res\Phone.rc2">
      <Filter>Resource Files</Filter>
    </None>
  </ItemGroup>
  <ItemGroup>
    <ResourceCompile Include="Phone.rc">
      <Filter>Resource Files</Filter>
    </ResourceCompile>
  </ItemGroup>
</Project>