<?xml version="1.0" encoding="utf-8"?>
<Project ToolsVersion="4.0" xmlns="http://schemas.microsoft.com/developer/msbuild/2003">
  <ItemGroup>
    <Filter Include="Source Files">
      <UniqueIdentifier>{9c980501-8a49-4e25-b8c2-8fe7dd2ab5fd}</UniqueIdentifier>
      <Extensions>cpp;c;cxx;rc;def;r;odl;hpj;bat;for;f90</Extensions>
    </Filter>
    <Filter Include="Header Files">
      <UniqueIdentifier>{02a15c5d-3dbe-417e-a230-32a873ce1b48}</UniqueIdentifier>
      <Extensions>h;hpp;hxx;hm;inl;fi;fd</Extensions>
    </Filter>
    <Filter Include="Resource Files">
      <UniqueIdentifier>{4eeb91ec-211b-4e86-a9ba-f9c2776a7c86}</UniqueIdentifier>
      <Extensions>ico;cur;bmp;dlg;rc2;rct;bin;cnt;rtf;gif;jpg;jpeg;jpe</Extensions>
    </Filter>
  </ItemGroup>
  <ItemGroup>
    <ClCompile Include="Tapiaddr.cpp">
      <Filter>Source Files</Filter>
    </ClCompile>
    <ClCompile Include="Tapicall.cpp">
      <Filter>Source Files</Filter>
    </ClCompile>
    <ClCompile Include="Tapiconn.cpp">
      <Filter>Source Files</Filter>
    </ClCompile>
    <ClCompile Include="Tapiline.cpp">
      <Filter>Source Files</Filter>
    </ClCompile>
    <ClCompile Include="tapiobj.cpp">
      <Filter>Source Files</Filter>
    </ClCompile>
    <ClCompile Include="Tapiphone.cpp">
      <Filter>Source Files</Filter>
    </ClCompile>
    <ClCompile Include="tapireq.cpp">
      <Filter>Source Files</Filter>
    </ClCompile>
  </ItemGroup>
  <ItemGroup>
    <ClInclude Include="..\INCLUDE\Atapi.h">
      <Filter>Header Files</Filter>
    </ClInclude>
    <ClInclude Include="Stdafx.h">
      <Filter>Header Files</Filter>
    </ClInclude>
    <ClInclude Include="Tapistr.h">
      <Filter>Header Files</Filter>
    </ClInclude>
    <ClInclude Include="..\include\ecstaext.h">
      <Filter>Header Files</Filter>
    </ClInclude>
    <ClInclude Include="..\include\ecstalinedevcaps.h">
      <Filter>Header Files</Filter>
    </ClInclude>
  </ItemGroup>
</Project>